
Microsoft Visual Studio Solution File, Format Version 12.00
# Visual Studio Version 16
VisualStudioVersion = 16.0.31515.178
MinimumVisualStudioVersion = 10.0.40219.1
Project("{FAE04EC0-301F-11D3-BF4B-00C04F79EFBC}") = "LightNite", "LightNite.csproj", "{70B41CF7-9389-4E37-B57F-C329F50DE6BB}"
EndProject
Global
	GlobalSection(SolutionConfigurationPlatforms) = preSolution
		Debug|Any CPU = Debug|Any CPU
		Release|Any CPU = Release|Any CPU
	EndGlobalSection
	GlobalSection(ProjectConfigurationPlatforms) = postSolution
		{70B41CF7-9389-4E37-B57F-C329F50DE6BB}.Debug|Any CPU.ActiveCfg = Debug|Any CPU
		{70B41CF7-9389-4E37-B57F-C329F50DE6BB}.Debug|Any CPU.Build.0 = Debug|Any CPU
		{70B41CF7-9389-4E37-B57F-C329F50DE6BB}.Release|Any CPU.ActiveCfg = Release|Any CPU
		{70B41CF7-9389-4E37-B57F-C329F50DE6BB}.Release|Any CPU.Build.0 = Release|Any CPU
	EndGlobalSection
	GlobalSection(SolutionProperties) = preSolution
		HideSolutionNode = FALSE
	EndGlobalSection
	GlobalSection(ExtensibilityGlobals) = postSolution
		SolutionGuid = {79D7DB30-6EFA-49CE-9A3D-199584C8E674}
	EndGlobalSection
EndGlobal
